{
  "name": "yabar",
  "version": "1.0.0",
  "lockfileVersion": 1,
  "requires": true,
  "dependencies": {
    "plott-rssi-quality": {
      "version": "0.0.1",
      "resolved": "https://registry.npmjs.org/plott-rssi-quality/-/plott-rssi-quality-0.0.1.tgz",
      "integrity": "sha1-puNnr3jevZ85BfqqfgET311mZnc="
    }
  }
}
